
Microsoft Visual Studio Solution File, Format Version 11.00
# Visual Studio 2010
Project("{FAE04EC0-301F-11D3-BF4B-00C04F79EFBC}") = "SisRental2", "SisRental2\SisRental2.csproj", "{D944192D-2CA8-4378-9E9A-DB1358BA5CBF}"
EndProject
Global
	GlobalSection(SolutionConfigurationPlatforms) = preSolution
		Debug|Any CPU = Debug|Any CPU
		Release|Any CPU = Release|Any CPU
	EndGlobalSection
	GlobalSection(ProjectConfigurationPlatforms) = postSolution
		{D944192D-2CA8-4378-9E9A-DB1358BA5CBF}.Debug|Any CPU.ActiveCfg = Debug|Any CPU
		{D944192D-2CA8-4378-9E9A-DB1358BA5CBF}.Debug|Any CPU.Build.0 = Debug|Any CPU
		{D944192D-2CA8-4378-9E9A-DB1358BA5CBF}.Release|Any CPU.ActiveCfg = Release|Any CPU
		{D944192D-2CA8-4378-9E9A-DB1358BA5CBF}.Release|Any CPU.Build.0 = Release|Any CPU
	EndGlobalSection
	GlobalSection(SolutionProperties) = preSolution
		HideSolutionNode = FALSE
	EndGlobalSection
EndGlobal
